
Microsoft Visual Studio Solution File, Format Version 12.00
# Visual Studio Version 16
VisualStudioVersion = 16.0.29009.5
MinimumVisualStudioVersion = 10.0.40219.1
Project("{9A19103F-16F7-4668-BE54-9A1E7A4F7556}") = "SchoolBusWXWeb", "SchoolBusWXWeb\SchoolBusWXWeb.csproj", "{AD011582-3B29-4119-9034-A0A1F24EA1CE}"
EndProject
Project("{9A19103F-16F7-4668-BE54-9A1E7A4F7556}") = "Metro.Logging.File", "Metro.Logging.File\Metro.Logging.File.csproj", "{38111513-A714-4D17-B1DC-988DB706EB9B}"
EndProject
Project("{9A19103F-16F7-4668-BE54-9A1E7A4F7556}") = "Metro.Logging.File.UI", "Metro.Logging.File.UI\Metro.Logging.File.UI.csproj", "{8E367910-D09C-4A8D-89AA-98A10E3578AB}"
EndProject
Global
	GlobalSection(SolutionConfigurationPlatforms) = preSolution
		Debug|Any CPU = Debug|Any CPU
		Release|Any CPU = Release|Any CPU
	EndGlobalSection
	GlobalSection(ProjectConfigurationPlatforms) = postSolution
		{AD011582-3B29-4119-9034-A0A1F24EA1CE}.Debug|Any CPU.ActiveCfg = Debug|Any CPU
		{AD011582-3B29-4119-9034-A0A1F24EA1CE}.Debug|Any CPU.Build.0 = Debug|Any CPU
		{AD011582-3B29-4119-9034-A0A1F24EA1CE}.Release|Any CPU.ActiveCfg = Release|Any CPU
		{AD011582-3B29-4119-9034-A0A1F24EA1CE}.Release|Any CPU.Build.0 = Release|Any CPU
		{38111513-A714-4D17-B1DC-988DB706EB9B}.Debug|Any CPU.ActiveCfg = Debug|Any CPU
		{38111513-A714-4D17-B1DC-988DB706EB9B}.Debug|Any CPU.Build.0 = Debug|Any CPU
		{38111513-A714-4D17-B1DC-988DB706EB9B}.Release|Any CPU.ActiveCfg = Release|Any CPU
		{38111513-A714-4D17-B1DC-988DB706EB9B}.Release|Any CPU.Build.0 = Release|Any CPU
		{8E367910-D09C-4A8D-89AA-98A10E3578AB}.Debug|Any CPU.ActiveCfg = Debug|Any CPU
		{8E367910-D09C-4A8D-89AA-98A10E3578AB}.Debug|Any CPU.Build.0 = Debug|Any CPU
		{8E367910-D09C-4A8D-89AA-98A10E3578AB}.Release|Any CPU.ActiveCfg = Release|Any CPU
		{8E367910-D09C-4A8D-89AA-98A10E3578AB}.Release|Any CPU.Build.0 = Release|Any CPU
	EndGlobalSection
	GlobalSection(SolutionProperties) = preSolution
		HideSolutionNode = FALSE
	EndGlobalSection
	GlobalSection(ExtensibilityGlobals) = postSolution
		SolutionGuid = {F687BD79-80D0-437C-976A-606E609061A0}
	EndGlobalSection
EndGlobal
